
Microsoft Visual Studio Solution File, Format Version 12.00
# Visual Studio Version 16
VisualStudioVersion = 16.0.29025.244
MinimumVisualStudioVersion = 10.0.40219.1
Project("{FAE04EC0-301F-11D3-BF4B-00C04F79EFBC}") = "POO_v02 (Programacion1)", "POO_v02 (Programacion1)\POO_v02 (Programacion1).csproj", "{258EC279-85D9-4FE1-9606-3B3EFC6AC625}"
EndProject
Global
	GlobalSection(SolutionConfigurationPlatforms) = preSolution
		Debug|Any CPU = Debug|Any CPU
		Release|Any CPU = Release|Any CPU
	EndGlobalSection
	GlobalSection(ProjectConfigurationPlatforms) = postSolution
		{258EC279-85D9-4FE1-9606-3B3EFC6AC625}.Debug|Any CPU.ActiveCfg = Debug|Any CPU
		{258EC279-85D9-4FE1-9606-3B3EFC6AC625}.Debug|Any CPU.Build.0 = Debug|Any CPU
		{258EC279-85D9-4FE1-9606-3B3EFC6AC625}.Release|Any CPU.ActiveCfg = Release|Any CPU
		{258EC279-85D9-4FE1-9606-3B3EFC6AC625}.Release|Any CPU.Build.0 = Release|Any CPU
	EndGlobalSection
	GlobalSection(SolutionProperties) = preSolution
		HideSolutionNode = FALSE
	EndGlobalSection
	GlobalSection(ExtensibilityGlobals) = postSolution
		SolutionGuid = {B9E4B8BC-6C0A-41C3-A696-FFA13FDC938F}
	EndGlobalSection
EndGlobal
